
Microsoft Visual Studio Solution File, Format Version 12.00
# Visual Studio Version 17
VisualStudioVersion = 17.0.31903.59
MinimumVisualStudioVersion = 10.0.40219.1
Project("{2150E333-8FDC-42A3-9474-1A3956D46DE8}") = "src", "src", "{827E0CD3-B72D-47B6-A68D-7590B98EB39B}"
EndProject
Project("{FAE04EC0-301F-11D3-BF4B-00C04F79EFBC}") = "Zss.BilliardHall.Domain.Shared", "src\Zss.BilliardHall.Domain.Shared\Zss.BilliardHall.Domain.Shared.csproj", "{4F71059C-F3DA-43CD-860F-B1477DDD9FA6}"
EndProject
Project("{FAE04EC0-301F-11D3-BF4B-00C04F79EFBC}") = "Zss.BilliardHall.Domain", "src\Zss.BilliardHall.Domain\Zss.BilliardHall.Domain.csproj", "{B6BE25C6-6315-4CF1-B0D1-4B3518669E55}"
EndProject
Project("{FAE04EC0-301F-11D3-BF4B-00C04F79EFBC}") = "Zss.BilliardHall.Application.Contracts", "src\Zss.BilliardHall.Application.Contracts\Zss.BilliardHall.Application.Contracts.csproj", "{D8E14F9D-6173-4F3B-93CD-EEBD4CD8CB95}"
EndProject
Project("{FAE04EC0-301F-11D3-BF4B-00C04F79EFBC}") = "Zss.BilliardHall.Application", "src\Zss.BilliardHall.Application\Zss.BilliardHall.Application.csproj", "{5BB308DE-6656-4480-87D8-F5EE14A3B85A}"
EndProject
Project("{FAE04EC0-301F-11D3-BF4B-00C04F79EFBC}") = "Zss.BilliardHall.EntityFrameworkCore", "src\Zss.BilliardHall.EntityFrameworkCore\Zss.BilliardHall.EntityFrameworkCore.csproj", "{2F7F2E58-0A5F-4341-9094-21CDB3F78CA4}"
EndProject
Project("{FAE04EC0-301F-11D3-BF4B-00C04F79EFBC}") = "Zss.BilliardHall.HttpApi", "src\Zss.BilliardHall.HttpApi\Zss.BilliardHall.HttpApi.csproj", "{85E53751-8F38-4CBD-86C1-4C7A24690DC4}"
EndProject
Project("{FAE04EC0-301F-11D3-BF4B-00C04F79EFBC}") = "Zss.BilliardHall.HttpApi.Host", "src\Zss.BilliardHall.HttpApi.Host\Zss.BilliardHall.HttpApi.Host.csproj", "{AE937B86-4B81-4922-8A84-60CBEC29831B}"
EndProject
Project("{FAE04EC0-301F-11D3-BF4B-00C04F79EFBC}") = "Zss.BilliardHall.Blazor", "src\Zss.BilliardHall.Blazor\Zss.BilliardHall.Blazor.csproj", "{D249BB7F-9883-4C1C-9402-5516D2AAFF9F}"
EndProject
Project("{2150E333-8FDC-42A3-9474-1A3956D46DE8}") = "test", "test", "{0C88DD14-F956-CE84-757C-A364CCF449FC}"
EndProject
Project("{FAE04EC0-301F-11D3-BF4B-00C04F79EFBC}") = "Zss.BilliardHall.Application.Tests", "test\Zss.BilliardHall.Application.Tests\Zss.BilliardHall.Application.Tests.csproj", "{43064D50-C460-45C9-A6CD-AC0FD2C6F8AD}"
EndProject
Global
	GlobalSection(SolutionConfigurationPlatforms) = preSolution
		Debug|Any CPU = Debug|Any CPU
		Debug|x64 = Debug|x64
		Debug|x86 = Debug|x86
		Release|Any CPU = Release|Any CPU
		Release|x64 = Release|x64
		Release|x86 = Release|x86
	EndGlobalSection
	GlobalSection(ProjectConfigurationPlatforms) = postSolution
		{4F71059C-F3DA-43CD-860F-B1477DDD9FA6}.Debug|Any CPU.ActiveCfg = Debug|Any CPU
		{4F71059C-F3DA-43CD-860F-B1477DDD9FA6}.Debug|Any CPU.Build.0 = Debug|Any CPU
		{4F71059C-F3DA-43CD-860F-B1477DDD9FA6}.Debug|x64.ActiveCfg = Debug|Any CPU
		{4F71059C-F3DA-43CD-860F-B1477DDD9FA6}.Debug|x64.Build.0 = Debug|Any CPU
		{4F71059C-F3DA-43CD-860F-B1477DDD9FA6}.Debug|x86.ActiveCfg = Debug|Any CPU
		{4F71059C-F3DA-43CD-860F-B1477DDD9FA6}.Debug|x86.Build.0 = Debug|Any CPU
		{4F71059C-F3DA-43CD-860F-B1477DDD9FA6}.Release|Any CPU.ActiveCfg = Release|Any CPU
		{4F71059C-F3DA-43CD-860F-B1477DDD9FA6}.Release|Any CPU.Build.0 = Release|Any CPU
		{4F71059C-F3DA-43CD-860F-B1477DDD9FA6}.Release|x64.ActiveCfg = Release|Any CPU
		{4F71059C-F3DA-43CD-860F-B1477DDD9FA6}.Release|x64.Build.0 = Release|Any CPU
		{4F71059C-F3DA-43CD-860F-B1477DDD9FA6}.Release|x86.ActiveCfg = Release|Any CPU
		{4F71059C-F3DA-43CD-860F-B1477DDD9FA6}.Release|x86.Build.0 = Release|Any CPU
		{B6BE25C6-6315-4CF1-B0D1-4B3518669E55}.Debug|Any CPU.ActiveCfg = Debug|Any CPU
		{B6BE25C6-6315-4CF1-B0D1-4B3518669E55}.Debug|Any CPU.Build.0 = Debug|Any CPU
		{B6BE25C6-6315-4CF1-B0D1-4B3518669E55}.Debug|x64.ActiveCfg = Debug|Any CPU
		{B6BE25C6-6315-4CF1-B0D1-4B3518669E55}.Debug|x64.Build.0 = Debug|Any CPU
		{B6BE25C6-6315-4CF1-B0D1-4B3518669E55}.Debug|x86.ActiveCfg = Debug|Any CPU
		{B6BE25C6-6315-4CF1-B0D1-4B3518669E55}.Debug|x86.Build.0 = Debug|Any CPU
		{B6BE25C6-6315-4CF1-B0D1-4B3518669E55}.Release|Any CPU.ActiveCfg = Release|Any CPU
		{B6BE25C6-6315-4CF1-B0D1-4B3518669E55}.Release|Any CPU.Build.0 = Release|Any CPU
		{B6BE25C6-6315-4CF1-B0D1-4B3518669E55}.Release|x64.ActiveCfg = Release|Any CPU
		{B6BE25C6-6315-4CF1-B0D1-4B3518669E55}.Release|x64.Build.0 = Release|Any CPU
		{B6BE25C6-6315-4CF1-B0D1-4B3518669E55}.Release|x86.ActiveCfg = Release|Any CPU
		{B6BE25C6-6315-4CF1-B0D1-4B3518669E55}.Release|x86.Build.0 = Release|Any CPU
		{D8E14F9D-6173-4F3B-93CD-EEBD4CD8CB95}.Debug|Any CPU.ActiveCfg = Debug|Any CPU
		{D8E14F9D-6173-4F3B-93CD-EEBD4CD8CB95}.Debug|Any CPU.Build.0 = Debug|Any CPU
		{D8E14F9D-6173-4F3B-93CD-EEBD4CD8CB95}.Debug|x64.ActiveCfg = Debug|Any CPU
		{D8E14F9D-6173-4F3B-93CD-EEBD4CD8CB95}.Debug|x64.Build.0 = Debug|Any CPU
		{D8E14F9D-6173-4F3B-93CD-EEBD4CD8CB95}.Debug|x86.ActiveCfg = Debug|Any CPU
		{D8E14F9D-6173-4F3B-93CD-EEBD4CD8CB95}.Debug|x86.Build.0 = Debug|Any CPU
		{D8E14F9D-6173-4F3B-93CD-EEBD4CD8CB95}.Release|Any CPU.ActiveCfg = Release|Any CPU
		{D8E14F9D-6173-4F3B-93CD-EEBD4CD8CB95}.Release|Any CPU.Build.0 = Release|Any CPU
		{D8E14F9D-6173-4F3B-93CD-EEBD4CD8CB95}.Release|x64.ActiveCfg = Release|Any CPU
		{D8E14F9D-6173-4F3B-93CD-EEBD4CD8CB95}.Release|x64.Build.0 = Release|Any CPU
		{D8E14F9D-6173-4F3B-93CD-EEBD4CD8CB95}.Release|x86.ActiveCfg = Release|Any CPU
		{D8E14F9D-6173-4F3B-93CD-EEBD4CD8CB95}.Release|x86.Build.0 = Release|Any CPU
		{5BB308DE-6656-4480-87D8-F5EE14A3B85A}.Debug|Any CPU.ActiveCfg = Debug|Any CPU
		{5BB308DE-6656-4480-87D8-F5EE14A3B85A}.Debug|Any CPU.Build.0 = Debug|Any CPU
		{5BB308DE-6656-4480-87D8-F5EE14A3B85A}.Debug|x64.ActiveCfg = Debug|Any CPU
		{5BB308DE-6656-4480-87D8-F5EE14A3B85A}.Debug|x64.Build.0 = Debug|Any CPU
		{5BB308DE-6656-4480-87D8-F5EE14A3B85A}.Debug|x86.ActiveCfg = Debug|Any CPU
		{5BB308DE-6656-4480-87D8-F5EE14A3B85A}.Debug|x86.Build.0 = Debug|Any CPU
		{5BB308DE-6656-4480-87D8-F5EE14A3B85A}.Release|Any CPU.ActiveCfg = Release|Any CPU
		{5BB308DE-6656-4480-87D8-F5EE14A3B85A}.Release|Any CPU.Build.0 = Release|Any CPU
		{5BB308DE-6656-4480-87D8-F5EE14A3B85A}.Release|x64.ActiveCfg = Release|Any CPU
		{5BB308DE-6656-4480-87D8-F5EE14A3B85A}.Release|x64.Build.0 = Release|Any CPU
		{5BB308DE-6656-4480-87D8-F5EE14A3B85A}.Release|x86.ActiveCfg = Release|Any CPU
		{5BB308DE-6656-4480-87D8-F5EE14A3B85A}.Release|x86.Build.0 = Release|Any CPU
		{2F7F2E58-0A5F-4341-9094-21CDB3F78CA4}.Debug|Any CPU.ActiveCfg = Debug|Any CPU
		{2F7F2E58-0A5F-4341-9094-21CDB3F78CA4}.Debug|Any CPU.Build.0 = Debug|Any CPU
		{2F7F2E58-0A5F-4341-9094-21CDB3F78CA4}.Debug|x64.ActiveCfg = Debug|Any CPU
		{2F7F2E58-0A5F-4341-9094-21CDB3F78CA4}.Debug|x64.Build.0 = Debug|Any CPU
		{2F7F2E58-0A5F-4341-9094-21CDB3F78CA4}.Debug|x86.ActiveCfg = Debug|Any CPU
		{2F7F2E58-0A5F-4341-9094-21CDB3F78CA4}.Debug|x86.Build.0 = Debug|Any CPU
		{2F7F2E58-0A5F-4341-9094-21CDB3F78CA4}.Release|Any CPU.ActiveCfg = Release|Any CPU
		{2F7F2E58-0A5F-4341-9094-21CDB3F78CA4}.Release|Any CPU.Build.0 = Release|Any CPU
		{2F7F2E58-0A5F-4341-9094-21CDB3F78CA4}.Release|x64.ActiveCfg = Release|Any CPU
		{2F7F2E58-0A5F-4341-9094-21CDB3F78CA4}.Release|x64.Build.0 = Release|Any CPU
		{2F7F2E58-0A5F-4341-9094-21CDB3F78CA4}.Release|x86.ActiveCfg = Release|Any CPU
		{2F7F2E58-0A5F-4341-9094-21CDB3F78CA4}.Release|x86.Build.0 = Release|Any CPU
		{85E53751-8F38-4CBD-86C1-4C7A24690DC4}.Debug|Any CPU.ActiveCfg = Debug|Any CPU
		{85E53751-8F38-4CBD-86C1-4C7A24690DC4}.Debug|Any CPU.Build.0 = Debug|Any CPU
		{85E53751-8F38-4CBD-86C1-4C7A24690DC4}.Debug|x64.ActiveCfg = Debug|Any CPU
		{85E53751-8F38-4CBD-86C1-4C7A24690DC4}.Debug|x64.Build.0 = Debug|Any CPU
		{85E53751-8F38-4CBD-86C1-4C7A24690DC4}.Debug|x86.ActiveCfg = Debug|Any CPU
		{85E53751-8F38-4CBD-86C1-4C7A24690DC4}.Debug|x86.Build.0 = Debug|Any CPU
		{85E53751-8F38-4CBD-86C1-4C7A24690DC4}.Release|Any CPU.ActiveCfg = Release|Any CPU
		{85E53751-8F38-4CBD-86C1-4C7A24690DC4}.Release|Any CPU.Build.0 = Release|Any CPU
		{85E53751-8F38-4CBD-86C1-4C7A24690DC4}.Release|x64.ActiveCfg = Release|Any CPU
		{85E53751-8F38-4CBD-86C1-4C7A24690DC4}.Release|x64.Build.0 = Release|Any CPU
		{85E53751-8F38-4CBD-86C1-4C7A24690DC4}.Release|x86.ActiveCfg = Release|Any CPU
		{85E53751-8F38-4CBD-86C1-4C7A24690DC4}.Release|x86.Build.0 = Release|Any CPU
		{AE937B86-4B81-4922-8A84-60CBEC29831B}.Debug|Any CPU.ActiveCfg = Debug|Any CPU
		{AE937B86-4B81-4922-8A84-60CBEC29831B}.Debug|Any CPU.Build.0 = Debug|Any CPU
		{AE937B86-4B81-4922-8A84-60CBEC29831B}.Debug|x64.ActiveCfg = Debug|Any CPU
		{AE937B86-4B81-4922-8A84-60CBEC29831B}.Debug|x64.Build.0 = Debug|Any CPU
		{AE937B86-4B81-4922-8A84-60CBEC29831B}.Debug|x86.ActiveCfg = Debug|Any CPU
		{AE937B86-4B81-4922-8A84-60CBEC29831B}.Debug|x86.Build.0 = Debug|Any CPU
		{AE937B86-4B81-4922-8A84-60CBEC29831B}.Release|Any CPU.ActiveCfg = Release|Any CPU
		{AE937B86-4B81-4922-8A84-60CBEC29831B}.Release|Any CPU.Build.0 = Release|Any CPU
		{AE937B86-4B81-4922-8A84-60CBEC29831B}.Release|x64.ActiveCfg = Release|Any CPU
		{AE937B86-4B81-4922-8A84-60CBEC29831B}.Release|x64.Build.0 = Release|Any CPU
		{AE937B86-4B81-4922-8A84-60CBEC29831B}.Release|x86.ActiveCfg = Release|Any CPU
		{AE937B86-4B81-4922-8A84-60CBEC29831B}.Release|x86.Build.0 = Release|Any CPU
		{D249BB7F-9883-4C1C-9402-5516D2AAFF9F}.Debug|Any CPU.ActiveCfg = Debug|Any CPU
		{D249BB7F-9883-4C1C-9402-5516D2AAFF9F}.Debug|Any CPU.Build.0 = Debug|Any CPU
		{D249BB7F-9883-4C1C-9402-5516D2AAFF9F}.Debug|x64.ActiveCfg = Debug|Any CPU
		{D249BB7F-9883-4C1C-9402-5516D2AAFF9F}.Debug|x64.Build.0 = Debug|Any CPU
		{D249BB7F-9883-4C1C-9402-5516D2AAFF9F}.Debug|x86.ActiveCfg = Debug|Any CPU
		{D249BB7F-9883-4C1C-9402-5516D2AAFF9F}.Debug|x86.Build.0 = Debug|Any CPU
		{D249BB7F-9883-4C1C-9402-5516D2AAFF9F}.Release|Any CPU.ActiveCfg = Release|Any CPU
		{D249BB7F-9883-4C1C-9402-5516D2AAFF9F}.Release|Any CPU.Build.0 = Release|Any CPU
		{D249BB7F-9883-4C1C-9402-5516D2AAFF9F}.Release|x64.ActiveCfg = Release|Any CPU
		{D249BB7F-9883-4C1C-9402-5516D2AAFF9F}.Release|x64.Build.0 = Release|Any CPU
		{D249BB7F-9883-4C1C-9402-5516D2AAFF9F}.Release|x86.ActiveCfg = Release|Any CPU
		{D249BB7F-9883-4C1C-9402-5516D2AAFF9F}.Release|x86.Build.0 = Release|Any CPU
		{43064D50-C460-45C9-A6CD-AC0FD2C6F8AD}.Debug|Any CPU.ActiveCfg = Debug|Any CPU
		{43064D50-C460-45C9-A6CD-AC0FD2C6F8AD}.Debug|Any CPU.Build.0 = Debug|Any CPU
		{43064D50-C460-45C9-A6CD-AC0FD2C6F8AD}.Debug|x64.ActiveCfg = Debug|Any CPU
		{43064D50-C460-45C9-A6CD-AC0FD2C6F8AD}.Debug|x64.Build.0 = Debug|Any CPU
		{43064D50-C460-45C9-A6CD-AC0FD2C6F8AD}.Debug|x86.ActiveCfg = Debug|Any CPU
		{43064D50-C460-45C9-A6CD-AC0FD2C6F8AD}.Debug|x86.Build.0 = Debug|Any CPU
		{43064D50-C460-45C9-A6CD-AC0FD2C6F8AD}.Release|Any CPU.ActiveCfg = Release|Any CPU
		{43064D50-C460-45C9-A6CD-AC0FD2C6F8AD}.Release|Any CPU.Build.0 = Release|Any CPU
		{43064D50-C460-45C9-A6CD-AC0FD2C6F8AD}.Release|x64.ActiveCfg = Release|Any CPU
		{43064D50-C460-45C9-A6CD-AC0FD2C6F8AD}.Release|x64.Build.0 = Release|Any CPU
		{43064D50-C460-45C9-A6CD-AC0FD2C6F8AD}.Release|x86.ActiveCfg = Release|Any CPU
		{43064D50-C460-45C9-A6CD-AC0FD2C6F8AD}.Release|x86.Build.0 = Release|Any CPU
	EndGlobalSection
	GlobalSection(SolutionProperties) = preSolution
		HideSolutionNode = FALSE
	EndGlobalSection
	GlobalSection(NestedProjects) = preSolution
		{4F71059C-F3DA-43CD-860F-B1477DDD9FA6} = {827E0CD3-B72D-47B6-A68D-7590B98EB39B}
		{B6BE25C6-6315-4CF1-B0D1-4B3518669E55} = {827E0CD3-B72D-47B6-A68D-7590B98EB39B}
		{D8E14F9D-6173-4F3B-93CD-EEBD4CD8CB95} = {827E0CD3-B72D-47B6-A68D-7590B98EB39B}
		{5BB308DE-6656-4480-87D8-F5EE14A3B85A} = {827E0CD3-B72D-47B6-A68D-7590B98EB39B}
		{2F7F2E58-0A5F-4341-9094-21CDB3F78CA4} = {827E0CD3-B72D-47B6-A68D-7590B98EB39B}
		{85E53751-8F38-4CBD-86C1-4C7A24690DC4} = {827E0CD3-B72D-47B6-A68D-7590B98EB39B}
		{AE937B86-4B81-4922-8A84-60CBEC29831B} = {827E0CD3-B72D-47B6-A68D-7590B98EB39B}
		{D249BB7F-9883-4C1C-9402-5516D2AAFF9F} = {827E0CD3-B72D-47B6-A68D-7590B98EB39B}
		{43064D50-C460-45C9-A6CD-AC0FD2C6F8AD} = {0C88DD14-F956-CE84-757C-A364CCF449FC}
	EndGlobalSection
EndGlobal
