
Microsoft Visual Studio Solution File, Format Version 12.00
# Visual Studio Version 17
VisualStudioVersion = 17.0.31903.59
MinimumVisualStudioVersion = 10.0.40219.1
Project("{FAE04EC0-301F-11D3-BF4B-00C04F79EFBC}") = "Bootstrapper", "Bootstrapper\Bootstrapper.csproj", "{A7DB2C33-0373-4330-88E8-30ADB121B4FA}"
EndProject
Project("{2150E333-8FDC-42A3-9474-1A3956D46DE8}") = "BuildingBlocks", "BuildingBlocks", "{7266C4A9-E384-DC00-0EB6-47F6002CFBA7}"
EndProject
Project("{FAE04EC0-301F-11D3-BF4B-00C04F79EFBC}") = "Contracts", "BuildingBlocks\Contracts\Contracts.csproj", "{6C5D212E-CF58-40F3-B8C9-DCF3E0ACC57A}"
EndProject
Project("{FAE04EC0-301F-11D3-BF4B-00C04F79EFBC}") = "Behaviors", "BuildingBlocks\Behaviors\Behaviors.csproj", "{2C0BD22E-29B0-4D5E-B0E3-3B605445319E}"
EndProject
Project("{FAE04EC0-301F-11D3-BF4B-00C04F79EFBC}") = "Exceptions", "BuildingBlocks\Exceptions\Exceptions.csproj", "{BCA1C9D8-4EB4-4073-8FF2-E1C50432224B}"
EndProject
Project("{2150E333-8FDC-42A3-9474-1A3956D46DE8}") = "Modules", "Modules", "{CA253913-39DE-BFD0-C9A3-4B7EC6FBDF17}"
EndProject
Project("{FAE04EC0-301F-11D3-BF4B-00C04F79EFBC}") = "Members", "Modules\Members\Members.csproj", "{B8E839BF-7137-423B-B5A4-4033DD4F7D20}"
EndProject
Project("{FAE04EC0-301F-11D3-BF4B-00C04F79EFBC}") = "Tables", "Modules\Tables\Tables.csproj", "{C56AAAE2-D1A9-4658-A5B7-BA5C82FCB543}"
EndProject
Project("{FAE04EC0-301F-11D3-BF4B-00C04F79EFBC}") = "Sessions", "Modules\Sessions\Sessions.csproj", "{9076DFA4-6E69-41FC-B719-937D58A72672}"
EndProject
Global
	GlobalSection(SolutionConfigurationPlatforms) = preSolution
		Debug|Any CPU = Debug|Any CPU
		Debug|x64 = Debug|x64
		Debug|x86 = Debug|x86
		Release|Any CPU = Release|Any CPU
		Release|x64 = Release|x64
		Release|x86 = Release|x86
	EndGlobalSection
	GlobalSection(ProjectConfigurationPlatforms) = postSolution
		{A7DB2C33-0373-4330-88E8-30ADB121B4FA}.Debug|Any CPU.ActiveCfg = Debug|Any CPU
		{A7DB2C33-0373-4330-88E8-30ADB121B4FA}.Debug|Any CPU.Build.0 = Debug|Any CPU
		{A7DB2C33-0373-4330-88E8-30ADB121B4FA}.Debug|x64.ActiveCfg = Debug|Any CPU
		{A7DB2C33-0373-4330-88E8-30ADB121B4FA}.Debug|x64.Build.0 = Debug|Any CPU
		{A7DB2C33-0373-4330-88E8-30ADB121B4FA}.Debug|x86.ActiveCfg = Debug|Any CPU
		{A7DB2C33-0373-4330-88E8-30ADB121B4FA}.Debug|x86.Build.0 = Debug|Any CPU
		{A7DB2C33-0373-4330-88E8-30ADB121B4FA}.Release|Any CPU.ActiveCfg = Release|Any CPU
		{A7DB2C33-0373-4330-88E8-30ADB121B4FA}.Release|Any CPU.Build.0 = Release|Any CPU
		{A7DB2C33-0373-4330-88E8-30ADB121B4FA}.Release|x64.ActiveCfg = Release|Any CPU
		{A7DB2C33-0373-4330-88E8-30ADB121B4FA}.Release|x64.Build.0 = Release|Any CPU
		{A7DB2C33-0373-4330-88E8-30ADB121B4FA}.Release|x86.ActiveCfg = Release|Any CPU
		{A7DB2C33-0373-4330-88E8-30ADB121B4FA}.Release|x86.Build.0 = Release|Any CPU
		{6C5D212E-CF58-40F3-B8C9-DCF3E0ACC57A}.Debug|Any CPU.ActiveCfg = Debug|Any CPU
		{6C5D212E-CF58-40F3-B8C9-DCF3E0ACC57A}.Debug|Any CPU.Build.0 = Debug|Any CPU
		{6C5D212E-CF58-40F3-B8C9-DCF3E0ACC57A}.Debug|x64.ActiveCfg = Debug|Any CPU
		{6C5D212E-CF58-40F3-B8C9-DCF3E0ACC57A}.Debug|x64.Build.0 = Debug|Any CPU
		{6C5D212E-CF58-40F3-B8C9-DCF3E0ACC57A}.Debug|x86.ActiveCfg = Debug|Any CPU
		{6C5D212E-CF58-40F3-B8C9-DCF3E0ACC57A}.Debug|x86.Build.0 = Debug|Any CPU
		{6C5D212E-CF58-40F3-B8C9-DCF3E0ACC57A}.Release|Any CPU.ActiveCfg = Release|Any CPU
		{6C5D212E-CF58-40F3-B8C9-DCF3E0ACC57A}.Release|Any CPU.Build.0 = Release|Any CPU
		{6C5D212E-CF58-40F3-B8C9-DCF3E0ACC57A}.Release|x64.ActiveCfg = Release|Any CPU
		{6C5D212E-CF58-40F3-B8C9-DCF3E0ACC57A}.Release|x64.Build.0 = Release|Any CPU
		{6C5D212E-CF58-40F3-B8C9-DCF3E0ACC57A}.Release|x86.ActiveCfg = Release|Any CPU
		{6C5D212E-CF58-40F3-B8C9-DCF3E0ACC57A}.Release|x86.Build.0 = Release|Any CPU
		{2C0BD22E-29B0-4D5E-B0E3-3B605445319E}.Debug|Any CPU.ActiveCfg = Debug|Any CPU
		{2C0BD22E-29B0-4D5E-B0E3-3B605445319E}.Debug|Any CPU.Build.0 = Debug|Any CPU
		{2C0BD22E-29B0-4D5E-B0E3-3B605445319E}.Debug|x64.ActiveCfg = Debug|Any CPU
		{2C0BD22E-29B0-4D5E-B0E3-3B605445319E}.Debug|x64.Build.0 = Debug|Any CPU
		{2C0BD22E-29B0-4D5E-B0E3-3B605445319E}.Debug|x86.ActiveCfg = Debug|Any CPU
		{2C0BD22E-29B0-4D5E-B0E3-3B605445319E}.Debug|x86.Build.0 = Debug|Any CPU
		{2C0BD22E-29B0-4D5E-B0E3-3B605445319E}.Release|Any CPU.ActiveCfg = Release|Any CPU
		{2C0BD22E-29B0-4D5E-B0E3-3B605445319E}.Release|Any CPU.Build.0 = Release|Any CPU
		{2C0BD22E-29B0-4D5E-B0E3-3B605445319E}.Release|x64.ActiveCfg = Release|Any CPU
		{2C0BD22E-29B0-4D5E-B0E3-3B605445319E}.Release|x64.Build.0 = Release|Any CPU
		{2C0BD22E-29B0-4D5E-B0E3-3B605445319E}.Release|x86.ActiveCfg = Release|Any CPU
		{2C0BD22E-29B0-4D5E-B0E3-3B605445319E}.Release|x86.Build.0 = Release|Any CPU
		{BCA1C9D8-4EB4-4073-8FF2-E1C50432224B}.Debug|Any CPU.ActiveCfg = Debug|Any CPU
		{BCA1C9D8-4EB4-4073-8FF2-E1C50432224B}.Debug|Any CPU.Build.0 = Debug|Any CPU
		{BCA1C9D8-4EB4-4073-8FF2-E1C50432224B}.Debug|x64.ActiveCfg = Debug|Any CPU
		{BCA1C9D8-4EB4-4073-8FF2-E1C50432224B}.Debug|x64.Build.0 = Debug|Any CPU
		{BCA1C9D8-4EB4-4073-8FF2-E1C50432224B}.Debug|x86.ActiveCfg = Debug|Any CPU
		{BCA1C9D8-4EB4-4073-8FF2-E1C50432224B}.Debug|x86.Build.0 = Debug|Any CPU
		{BCA1C9D8-4EB4-4073-8FF2-E1C50432224B}.Release|Any CPU.ActiveCfg = Release|Any CPU
		{BCA1C9D8-4EB4-4073-8FF2-E1C50432224B}.Release|Any CPU.Build.0 = Release|Any CPU
		{BCA1C9D8-4EB4-4073-8FF2-E1C50432224B}.Release|x64.ActiveCfg = Release|Any CPU
		{BCA1C9D8-4EB4-4073-8FF2-E1C50432224B}.Release|x64.Build.0 = Release|Any CPU
		{BCA1C9D8-4EB4-4073-8FF2-E1C50432224B}.Release|x86.ActiveCfg = Release|Any CPU
		{BCA1C9D8-4EB4-4073-8FF2-E1C50432224B}.Release|x86.Build.0 = Release|Any CPU
		{B8E839BF-7137-423B-B5A4-4033DD4F7D20}.Debug|Any CPU.ActiveCfg = Debug|Any CPU
		{B8E839BF-7137-423B-B5A4-4033DD4F7D20}.Debug|Any CPU.Build.0 = Debug|Any CPU
		{B8E839BF-7137-423B-B5A4-4033DD4F7D20}.Debug|x64.ActiveCfg = Debug|Any CPU
		{B8E839BF-7137-423B-B5A4-4033DD4F7D20}.Debug|x64.Build.0 = Debug|Any CPU
		{B8E839BF-7137-423B-B5A4-4033DD4F7D20}.Debug|x86.ActiveCfg = Debug|Any CPU
		{B8E839BF-7137-423B-B5A4-4033DD4F7D20}.Debug|x86.Build.0 = Debug|Any CPU
		{B8E839BF-7137-423B-B5A4-4033DD4F7D20}.Release|Any CPU.ActiveCfg = Release|Any CPU
		{B8E839BF-7137-423B-B5A4-4033DD4F7D20}.Release|Any CPU.Build.0 = Release|Any CPU
		{B8E839BF-7137-423B-B5A4-4033DD4F7D20}.Release|x64.ActiveCfg = Release|Any CPU
		{B8E839BF-7137-423B-B5A4-4033DD4F7D20}.Release|x64.Build.0 = Release|Any CPU
		{B8E839BF-7137-423B-B5A4-4033DD4F7D20}.Release|x86.ActiveCfg = Release|Any CPU
		{B8E839BF-7137-423B-B5A4-4033DD4F7D20}.Release|x86.Build.0 = Release|Any CPU
		{C56AAAE2-D1A9-4658-A5B7-BA5C82FCB543}.Debug|Any CPU.ActiveCfg = Debug|Any CPU
		{C56AAAE2-D1A9-4658-A5B7-BA5C82FCB543}.Debug|Any CPU.Build.0 = Debug|Any CPU
		{C56AAAE2-D1A9-4658-A5B7-BA5C82FCB543}.Debug|x64.ActiveCfg = Debug|Any CPU
		{C56AAAE2-D1A9-4658-A5B7-BA5C82FCB543}.Debug|x64.Build.0 = Debug|Any CPU
		{C56AAAE2-D1A9-4658-A5B7-BA5C82FCB543}.Debug|x86.ActiveCfg = Debug|Any CPU
		{C56AAAE2-D1A9-4658-A5B7-BA5C82FCB543}.Debug|x86.Build.0 = Debug|Any CPU
		{C56AAAE2-D1A9-4658-A5B7-BA5C82FCB543}.Release|Any CPU.ActiveCfg = Release|Any CPU
		{C56AAAE2-D1A9-4658-A5B7-BA5C82FCB543}.Release|Any CPU.Build.0 = Release|Any CPU
		{C56AAAE2-D1A9-4658-A5B7-BA5C82FCB543}.Release|x64.ActiveCfg = Release|Any CPU
		{C56AAAE2-D1A9-4658-A5B7-BA5C82FCB543}.Release|x64.Build.0 = Release|Any CPU
		{C56AAAE2-D1A9-4658-A5B7-BA5C82FCB543}.Release|x86.ActiveCfg = Release|Any CPU
		{C56AAAE2-D1A9-4658-A5B7-BA5C82FCB543}.Release|x86.Build.0 = Release|Any CPU
		{9076DFA4-6E69-41FC-B719-937D58A72672}.Debug|Any CPU.ActiveCfg = Debug|Any CPU
		{9076DFA4-6E69-41FC-B719-937D58A72672}.Debug|Any CPU.Build.0 = Debug|Any CPU
		{9076DFA4-6E69-41FC-B719-937D58A72672}.Debug|x64.ActiveCfg = Debug|Any CPU
		{9076DFA4-6E69-41FC-B719-937D58A72672}.Debug|x64.Build.0 = Debug|Any CPU
		{9076DFA4-6E69-41FC-B719-937D58A72672}.Debug|x86.ActiveCfg = Debug|Any CPU
		{9076DFA4-6E69-41FC-B719-937D58A72672}.Debug|x86.Build.0 = Debug|Any CPU
		{9076DFA4-6E69-41FC-B719-937D58A72672}.Release|Any CPU.ActiveCfg = Release|Any CPU
		{9076DFA4-6E69-41FC-B719-937D58A72672}.Release|Any CPU.Build.0 = Release|Any CPU
		{9076DFA4-6E69-41FC-B719-937D58A72672}.Release|x64.ActiveCfg = Release|Any CPU
		{9076DFA4-6E69-41FC-B719-937D58A72672}.Release|x64.Build.0 = Release|Any CPU
		{9076DFA4-6E69-41FC-B719-937D58A72672}.Release|x86.ActiveCfg = Release|Any CPU
		{9076DFA4-6E69-41FC-B719-937D58A72672}.Release|x86.Build.0 = Release|Any CPU
	EndGlobalSection
	GlobalSection(SolutionProperties) = preSolution
		HideSolutionNode = FALSE
	EndGlobalSection
	GlobalSection(NestedProjects) = preSolution
		{6C5D212E-CF58-40F3-B8C9-DCF3E0ACC57A} = {7266C4A9-E384-DC00-0EB6-47F6002CFBA7}
		{2C0BD22E-29B0-4D5E-B0E3-3B605445319E} = {7266C4A9-E384-DC00-0EB6-47F6002CFBA7}
		{BCA1C9D8-4EB4-4073-8FF2-E1C50432224B} = {7266C4A9-E384-DC00-0EB6-47F6002CFBA7}
		{B8E839BF-7137-423B-B5A4-4033DD4F7D20} = {CA253913-39DE-BFD0-C9A3-4B7EC6FBDF17}
		{C56AAAE2-D1A9-4658-A5B7-BA5C82FCB543} = {CA253913-39DE-BFD0-C9A3-4B7EC6FBDF17}
		{9076DFA4-6E69-41FC-B719-937D58A72672} = {CA253913-39DE-BFD0-C9A3-4B7EC6FBDF17}
	EndGlobalSection
EndGlobal
